// !$*UTF8*$!
{
	archiveVersion = 1;
	classes = {
	};
	objectVersion = 50;
	objects = {

/* Begin PBXBuildFile section */
		209BDE1A21604A9400E1A454 /* video.mp4 in Resources */ = {isa = PBXBuildFile; fileRef = 209BDE1921604A9400E1A454 /* video.mp4 */; };
		20CF9C78215DD27E0090120C /* AppDelegate.swift in Sources */ = {isa = PBXBuildFile; fileRef = 20CF9C77215DD27E0090120C /* AppDelegate.swift */; };
		20CF9C7A215DD27E0090120C /* art.scnassets in Resources */ = {isa = PBXBuildFile; fileRef = 20CF9C79215DD27E0090120C /* art.scnassets */; };
		20CF9C7C215DD27E0090120C /* ViewController.swift in Sources */ = {isa = PBXBuildFile; fileRef = 20CF9C7B215DD27E0090120C /* ViewController.swift */; };
		20CF9C7F215DD27E0090120C /* Main.storyboard in Resources */ = {isa = PBXBuildFile; fileRef = 20CF9C7D215DD27E0090120C /* Main.storyboard */; };
		20CF9C81215DD27F0090120C /* Assets.xcassets in Resources */ = {isa = PBXBuildFile; fileRef = 20CF9C80215DD27F0090120C /* Assets.xcassets */; };
		20CF9C84215DD27F0090120C /* LaunchScreen.storyboard in Resources */ = {isa = PBXBuildFile; fileRef = 20CF9C82215DD27F0090120C /* LaunchScreen.storyboard */; };
/* End PBXBuildFile section */

/* Begin PBXFileReference section */
		209BDE1921604A9400E1A454 /* video.mp4 */ = {isa = PBXFileReference; lastKnownFileType = file; path = video.mp4; sourceTree = "<group>"; };
		20CF9C74215DD27E0090120C /* Loona_cloud_AR.app */ = {isa = PBXFileReference; explicitFileType = wrapper.application; includeInIndex = 0; path = Loona_cloud_AR.app; sourceTree = BUILT_PRODUCTS_DIR; };
		20CF9C77215DD27E0090120C /* AppDelegate.swift */ = {isa = PBXFileReference; lastKnownFileType = sourcecode.swift; path = AppDelegate.swift; sourceTree = "<group>"; };
		20CF9C79215DD27E0090120C /* art.scnassets */ = {isa = PBXFileReference; lastKnownFileType = wrapper.scnassets; path = art.scnassets; sourceTree = "<group>"; };
		20CF9C7B215DD27E0090120C /* ViewController.swift */ = {isa = PBXFileReference; lastKnownFileType = sourcecode.swift; path = ViewController.swift; sourceTree = "<group>"; };
		20CF9C7E215DD27E0090120C /* Base */ = {isa = PBXFileReference; lastKnownFileType = file.storyboard; name = Base; path = Base.lproj/Main.storyboard; sourceTree = "<group>"; };
		20CF9C80215DD27F0090120C /* Assets.xcassets */ = {isa = PBXFileReference; lastKnownFileType = folder.assetcatalog; path = Assets.xcassets; sourceTree = "<group>"; };
		20CF9C83215DD27F0090120C /* Base */ = {isa = PBXFileReference; lastKnownFileType = file.storyboard; name = Base; path = Base.lproj/LaunchScreen.storyboard; sourceTree = "<group>"; };
		20CF9C85215DD27F0090120C /* Info.plist */ = {isa = PBXFileReference; lastKnownFileType = text.plist.xml; path = Info.plist; sourceTree = "<group>"; };
/* End PBXFileReference section */

/* Begin PBXFrameworksBuildPhase section */
		20CF9C71215DD27E0090120C /* Frameworks */ = {
			isa = PBXFrameworksBuildPhase;
			buildActionMask = 2147483647;
			files = (
			);
			runOnlyForDeploymentPostprocessing = 0;
		};
/* End PBXFrameworksBuildPhase section */

/* Begin PBXGroup section */
		20CF9C6B215DD27E0090120C = {
			isa = PBXGroup;
			children = (
				20CF9C76215DD27E0090120C /* Loona_cloud_AR */,
				20CF9C75215DD27E0090120C /* Products */,
			);
			sourceTree = "<group>";
		};
		20CF9C75215DD27E0090120C /* Products */ = {
			isa = PBXGroup;
			children = (
				20CF9C74215DD27E0090120C /* Loona_cloud_AR.app */,
			);
			name = Products;
			sourceTree = "<group>";
		};
		20CF9C76215DD27E0090120C /* Loona_cloud_AR */ = {
			isa = PBXGroup;
			children = (
				20CF9C77215DD27E0090120C /* AppDelegate.swift */,
				209BDE1921604A9400E1A454 /* video.mp4 */,
				20CF9C79215DD27E0090120C /* art.scnassets */,
				20CF9C7B215DD27E0090120C /* ViewController.swift */,
				20CF9C7D215DD27E0090120C /* Main.storyboard */,
				20CF9C80215DD27F0090120C /* Assets.xcassets */,
				20CF9C82215DD27F0090120C /* LaunchScreen.storyboard */,
				20CF9C85215DD27F0090120C /* Info.plist */,
			);
			path = Loona_cloud_AR;
			sourceTree = "<group>";
		};
/* End PBXGroup section */

/* Begin PBXNativeTarget section */
		20CF9C73215DD27E0090120C /* Loona_cloud_AR */ = {
			isa = PBXNativeTarget;
			buildConfigurationList = 20CF9C88215DD2800090120C /* Build configuration list for PBXNativeTarget "Loona_cloud_AR" */;
			buildPhases = (
				20CF9C70215DD27E0090120C /* Sources */,
				20CF9C71215DD27E0090120C /* Frameworks */,
				20CF9C72215DD27E0090120C /* Resources */,
			);
			buildRules = (
			);
			dependencies = (
			);
			name = Loona_cloud_AR;
			productName = Loona_cloud_AR;
			productReference = 20CF9C74215DD27E0090120C /* Loona_cloud_AR.app */;
			productType = "com.apple.product-type.application";
		};
/* End PBXNativeTarget section */

/* Begin PBXProject section */
		20CF9C6C215DD27E0090120C /* Project object */ = {
			isa = PBXProject;
			attributes = {
				LastSwiftUpdateCheck = 1000;
				LastUpgradeCheck = 1000;
				ORGANIZATIONNAME = "Royalty Inc.";
				TargetAttributes = {
					20CF9C73215DD27E0090120C = {
						CreatedOnToolsVersion = 10.0;
					};
				};
			};
			buildConfigurationList = 20CF9C6F215DD27E0090120C /* Build configuration list for PBXProject "Loona_cloud_AR" */;
			compatibilityVersion = "Xcode 9.3";
			developmentRegion = en;
			hasScannedForEncodings = 0;
			knownRegions = (
				en,
				Base,
			);
			mainGroup = 20CF9C6B215DD27E0090120C;
			productRefGroup = 20CF9C75215DD27E0090120C /* Products */;
			projectDirPath = "";
			projectRoot = "";
			targets = (
				20CF9C73215DD27E0090120C /* Loona_cloud_AR */,
			);
		};
/* End PBXProject section */

/* Begin PBXResourcesBuildPhase section */
		20CF9C72215DD27E0090120C /* Resources */ = {
			isa = PBXResourcesBuildPhase;
			buildActionMask = 2147483647;
			files = (
				20CF9C7A215DD27E0090120C /* art.scnassets in Resources */,
				209BDE1A21604A9400E1A454 /* video.mp4 in Resources */,
				20CF9C84215DD27F0090120C /* LaunchScreen.storyboard in Resources */,
				20CF9C81215DD27F0090120C /* Assets.xcassets in Resources */,
				20CF9C7F215DD27E0090120C /* Main.storyboard in Resources */,
			);
			runOnlyForDeploymentPostprocessing = 0;
		};
/* End PBXResourcesBuildPhase section */

/* Begin PBXSourcesBuildPhase section */
		20CF9C70215DD27E0090120C /* Sources */ = {
			isa = PBXSourcesBuildPhase;
			buildActionMask = 2147483647;
			files = (
				20CF9C7C215DD27E0090120C /* ViewController.swift in Sources */,
				20CF9C78215DD27E0090120C /* AppDelegate.swift in Sources */,
			);
			runOnlyForDeploymentPostprocessing = 0;
		};
/* End PBXSourcesBuildPhase section */

/* Begin PBXVariantGroup section */
		20CF9C7D215DD27E0090120C /* Main.storyboard */ = {
			isa = PBXVariantGroup;
			children = (
				20CF9C7E215DD27E0090120C /* Base */,
			);
			name = Main.storyboard;
			sourceTree = "<group>";
		};
		20CF9C82215DD27F0090120C /* LaunchScreen.storyboard */ = {
			isa = PBXVariantGroup;
			children = (
				20CF9C83215DD27F0090120C /* Base */,
			);
			name = LaunchScreen.storyboard;
			sourceTree = "<group>";
		};
/* End PBXVariantGroup section */

/* Begin XCBuildConfiguration section */
		20CF9C86215DD2800090120C /* Debug */ = {
			isa = XCBuildConfiguration;
			buildSettings = {
				ALWAYS_SEARCH_USER_PATHS = NO;
				CLANG_ANALYZER_NONNULL = YES;
				CLANG_ANALYZER_NUMBER_OBJECT_CONVERSION = YES_AGGRESSIVE;
				CLANG_CXX_LANGUAGE_STANDARD = "gnu++14";
				CLANG_CXX_LIBRARY = "libc++";
				CLANG_ENABLE_MODULES = YES;
				CLANG_ENABLE_OBJC_ARC = YES;
				CLANG_ENABLE_OBJC_WEAK = YES;
				CLANG_WARN_BLOCK_CAPTURE_AUTORELEASING = YES;
				CLANG_WARN_BOOL_CONVERSION = YES;
				CLANG_WARN_COMMA = YES;
				CLANG_WARN_CONSTANT_CONVERSION = YES;
				CLANG_WARN_DEPRECATED_OBJC_IMPLEMENTATIONS = YES;
				CLANG_WARN_DIRECT_OBJC_ISA_USAGE = YES_ERROR;
				CLANG_WARN_DOCUMENTATION_COMMENTS = YES;
				CLANG_WARN_EMPTY_BODY = YES;
				CLANG_WARN_ENUM_CONVERSION = YES;
				CLANG_WARN_INFINITE_RECURSION = YES;
				CLANG_WARN_INT_CONVERSION = YES;
				CLANG_WARN_NON_LITERAL_NULL_CONVERSION = YES;
				CLANG_WARN_OBJC_IMPLICIT_RETAIN_SELF = YES;
				CLANG_WARN_OBJC_LITERAL_CONVERSION = YES;
				CLANG_WARN_OBJC_ROOT_CLASS = YES_ERROR;
				CLANG_WARN_RANGE_LOOP_ANALYSIS = YES;
				CLANG_WARN_STRICT_PROTOTYPES = YES;
				CLANG_WARN_SUSPICIOUS_MOVE = YES;
				CLANG_WARN_UNGUARDED_AVAILABILITY = YES_AGGRESSIVE;
				CLANG_WARN_UNREACHABLE_CODE = YES;
				CLANG_WARN__DUPLICATE_METHOD_MATCH = YES;
				CODE_SIGN_IDENTITY = "iPhone Developer";
				COPY_PHASE_STRIP = NO;
				DEBUG_INFORMATION_FORMAT = dwarf;
				ENABLE_STRICT_OBJC_MSGSEND = YES;
				ENABLE_TESTABILITY = YES;
				GCC_C_LANGUAGE_STANDARD = gnu11;
				GCC_DYNAMIC_NO_PIC = NO;
				GCC_NO_COMMON_BLOCKS = YES;
				GCC_OPTIMIZATION_LEVEL = 0;
				GCC_PREPROCESSOR_DEFINITIONS = (
					"DEBUG=1",
					"$(inherited)",
				);
				GCC_WARN_64_TO_32_BIT_CONVERSION = YES;
				GCC_WARN_ABOUT_RETURN_TYPE = YES_ERROR;
				GCC_WARN_UNDECLARED_SELECTOR = YES;
				GCC_WARN_UNINITIALIZED_AUTOS = YES_AGGRESSIVE;
				GCC_WARN_UNUSED_FUNCTION = YES;
				GCC_WARN_UNUSED_VARIABLE = YES;
				IPHONEOS_DEPLOYMENT_TARGET = 12.0;
				MTL_ENABLE_DEBUG_INFO = INCLUDE_SOURCE;
				MTL_FAST_MATH = YES;
				ONLY_ACTIVE_ARCH = YES;
				SDKROOT = iphoneos;
				SWIFT_ACTIVE_COMPILATION_CONDITIONS = DEBUG;
				SWIFT_OPTIMIZATION_LEVEL = "-Onone";
			};
			name = Debug;
		};
		20CF9C87215DD2800090120C /* Release */ = {
			isa = XCBuildConfiguration;
			buildSettings = {
				ALWAYS_SEARCH_USER_PATHS = NO;
				CLANG_ANALYZER_NONNULL = YES;
				CLANG_ANALYZER_NUMBER_OBJECT_CONVERSION = YES_AGGRESSIVE;
				CLANG_CXX_LANGUAGE_STANDARD = "gnu++14";
				CLANG_CXX_LIBRARY = "libc++";
				CLANG_ENABLE_MODULES = YES;
				CLANG_ENABLE_OBJC_ARC = YES;
				CLANG_ENABLE_OBJC_WEAK = YES;
				CLANG_WARN_BLOCK_CAPTURE_AUTORELEASING = YES;
				CLANG_WARN_BOOL_CONVERSION = YES;
				CLANG_WARN_COMMA = YES;
				CLANG_WARN_CONSTANT_CONVERSION = YES;
				CLANG_WARN_DEPRECATED_OBJC_IMPLEMENTATIONS = YES;
				CLANG_WARN_DIRECT_OBJC_ISA_USAGE = YES_ERROR;
				CLANG_WARN_DOCUMENTATION_COMMENTS = YES;
				CLANG_WARN_EMPTY_BODY = YES;
				CLANG_WARN_ENUM_CONVERSION = YES;
				CLANG_WARN_INFINITE_RECURSION = YES;
				CLANG_WARN_INT_CONVERSION = YES;
				CLANG_WARN_NON_LITERAL_NULL_CONVERSION = YES;
				CLANG_WARN_OBJC_IMPLICIT_RETAIN_SELF = YES;
				CLANG_WARN_OBJC_LITERAL_CONVERSION = YES;
				CLANG_WARN_OBJC_ROOT_CLASS = YES_ERROR;
				CLANG_WARN_RANGE_LOOP_ANALYSIS = YES;
				CLANG_WARN_STRICT_PROTOTYPES = YES;
				CLANG_WARN_SUSPICIOUS_MOVE = YES;
				CLANG_WARN_UNGUARDED_AVAILABILITY = YES_AGGRESSIVE;
				CLANG_WARN_UNREACHABLE_CODE = YES;
				CLANG_WARN__DUPLICATE_METHOD_MATCH = YES;
				CODE_SIGN_IDENTITY = "iPhone Developer";
				COPY_PHASE_STRIP = NO;
				DEBUG_INFORMATION_FORMAT = "dwarf-with-dsym";
				ENABLE_NS_ASSERTIONS = NO;
				ENABLE_STRICT_OBJC_MSGSEND = YES;
				GCC_C_LANGUAGE_STANDARD = gnu11;
				GCC_NO_COMMON_BLOCKS = YES;
				GCC_WARN_64_TO_32_BIT_CONVERSION = YES;
				GCC_WARN_ABOUT_RETURN_TYPE = YES_ERROR;
				GCC_WARN_UNDECLARED_SELECTOR = YES;
				GCC_WARN_UNINITIALIZED_AUTOS = YES_AGGRESSIVE;
				GCC_WARN_UNUSED_FUNCTION = YES;
				GCC_WARN_UNUSED_VARIABLE = YES;
				IPHONEOS_DEPLOYMENT_TARGET = 12.0;
				MTL_ENABLE_DEBUG_INFO = NO;
				MTL_FAST_MATH = YES;
				SDKROOT = iphoneos;
				SWIFT_COMPILATION_MODE = wholemodule;
				SWIFT_OPTIMIZATION_LEVEL = "-O";
				VALIDATE_PRODUCT = YES;
			};
			name = Release;
		};
		20CF9C89215DD2800090120C /* Debug */ = {
			isa = XCBuildConfiguration;
			buildSettings = {
				ASSETCATALOG_COMPILER_APPICON_NAME = AppIcon;
				CODE_SIGN_STYLE = Automatic;
				DEVELOPMENT_TEAM = 5G9MVWQ8X7;
				INFOPLIST_FILE = Loona_cloud_AR/Info.plist;
				LD_RUNPATH_SEARCH_PATHS = (
					"$(inherited)",
					"@executable_path/Frameworks",
				);
				PRODUCT_BUNDLE_IDENTIFIER = "com.royalty.Loona-cloud-AR";
				PRODUCT_NAME = "$(TARGET_NAME)";
				SWIFT_VERSION = 4.2;
				TARGETED_DEVICE_FAMILY = "1,2";
			};
			name = Debug;
		};
		20CF9C8A215DD2800090120C /* Release */ = {
			isa = XCBuildConfiguration;
			buildSettings = {
				ASSETCATALOG_COMPILER_APPICON_NAME = AppIcon;
				CODE_SIGN_STYLE = Automatic;
				DEVELOPMENT_TEAM = 5G9MVWQ8X7;
				INFOPLIST_FILE = Loona_cloud_AR/Info.plist;
				LD_RUNPATH_SEARCH_PATHS = (
					"$(inherited)",
					"@executable_path/Frameworks",
				);
				PRODUCT_BUNDLE_IDENTIFIER = "com.royalty.Loona-cloud-AR";
				PRODUCT_NAME = "$(TARGET_NAME)";
				SWIFT_VERSION = 4.2;
				TARGETED_DEVICE_FAMILY = "1,2";
			};
			name = Release;
		};
/* End XCBuildConfiguration section */

/* Begin XCConfigurationList section */
		20CF9C6F215DD27E0090120C /* Build configuration list for PBXProject "Loona_cloud_AR" */ = {
			isa = XCConfigurationList;
			buildConfigurations = (
				20CF9C86215DD2800090120C /* Debug */,
				20CF9C87215DD2800090120C /* Release */,
			);
			defaultConfigurationIsVisible = 0;
			defaultConfigurationName = Release;
		};
		20CF9C88215DD2800090120C /* Build configuration list for PBXNativeTarget "Loona_cloud_AR" */ = {
			isa = XCConfigurationList;
			buildConfigurations = (
				20CF9C89215DD2800090120C /* Debug */,
				20CF9C8A215DD2800090120C /* Release */,
			);
			defaultConfigurationIsVisible = 0;
			defaultConfigurationName = Release;
		};
/* End XCConfigurationList section */
	};
	rootObject = 20CF9C6C215DD27E0090120C /* Project object */;
}
